{
    "_meta": {
        "hash": {
            "sha256": "20e8c2fa88f7a7266da6cbaaff7365cfae6489148d28e0c7d6f59fccd03cdd9e"
        },
        "pipfile-spec": 6,
        "requires": {
            "python_full_version": "3.9.6",
            "python_version": "3.9"
        },
        "sources": [
            {
                "name": "pypi",
                "url": "https://pypi.org/simple",
                "verify_ssl": true
            }
        ]
    },
    "default": {
        "altgraph": {
            "hashes": [
                "sha256:ad33358114df7c9416cdb8fa1eaa5852166c505118717021c6a8c7c7abbd03dd",
                "sha256:c8ac1ca6772207179ed8003ce7687757c04b0b71536f81e2ac5755c6226458fe"
            ],
            "version": "==0.17.3"
        },
        "macholib": {
            "hashes": [
                "sha256:44c40f2cd7d6726af8fa6fe22549178d3a4dfecc35a9cd15ea916d9c83a688e0",
                "sha256:557bbfa1bb255c20e9abafe7ed6cd8046b48d9525db2f9b77d3122a63a2a8bf8"
            ],
            "markers": "sys_platform == 'darwin'",
            "version": "==1.16.2"
        },
        "pyinstaller": {
            "hashes": [
                "sha256:247b99c52dc3cf69eba905da30dbca0a8ea309e1058cab44658ac838d9b8f2f0",
                "sha256:2d16641a495593d174504263b038a6d3d46b3b15a381ccb216cf6cce67723512",
                "sha256:333b4ffda38d9c0a561c38429dd9848d37aa78f3b8ea8a6f2b2e69a60d523c02",
                "sha256:6afc7aa4885ffd3e6121a8cf2138830099f874c18cb5869bed8c1a42db82d060",
                "sha256:6ecc464bf56919bf2d6bff275f38d85ff08ae747b8ead3a0c26cf85573b3c723",
                "sha256:7a1db833bb0302b66ae3ae337fbd5487699658ce869ca4d538b5359b8179e83a",
                "sha256:85e39e36d03355423636907a26a9bfa06fdc93cb1086441b19d2d0ca448479fa",
                "sha256:915a502802c751bafd92d568ac57468ec6cdf252b8308aa9a167bbc2c565ad2d",
                "sha256:9e9a38f41f8280c8e29b294716992852281b41fbe64ba330ebab671efe27b26d",
                "sha256:bb7de35cd209a0a0358aec761a273ae951d2161c03728f15d9a640d06a88e472",
                "sha256:df97aaf1103a1c485aa3c9947792a86675e370f5ce9b436b4a84e34a4180c8d2",
                "sha256:f677fbc151db1eb00ada94e86ed128e7b359cbd6bf3f6ea815afdde687692d46"
            ],
            "index": "pypi",
            "version": "==5.10.1"
        },
        "pyinstaller-hooks-contrib": {
            "hashes": [
                "sha256:7fb856a81fd06a717188a3175caa77e902035cc067b00b583c6409c62497b23f",
                "sha256:e02c5f0ee3d4f5814588c2128caf5036c058ba764aaf24d957bb5311ad8690ad"
            ],
            "markers": "python_version >= '3.7'",
            "version": "==2023.2"
        },
        "pyside6": {
            "hashes": [
                "sha256:13e8e96aa7a89840575505f50b9635e6450bf413ff46288d1085b3a9f8b225c1",
                "sha256:5102c57841b15facb0aeca1f23d689ebc528a609bf5fb907f1ef2747f6415001",
                "sha256:7242fe09aaeb3399152fa1c6c25098b93df945620a4bd81a37de0ecb2f64fd5d",
                "sha256:c1c7244a4e83b3a4ea965f4a85776ebc64fa3c9b4af77ad70b22e64ccec3d451",
                "sha256:cb059a0f3d4b763451a1e8dec440784dff1728e9ace6cb81c541cc1354c5f3dc",
                "sha256:f30e1d0319ea4d2ddac654c58377079a40f38c4cac7b6fd631902f91190c1fc8"
            ],
            "index": "pypi",
            "version": "==6.5.0"
        },
        "pyside6-addons": {
            "hashes": [
                "sha256:1a9545df3e77c656a3708eaa3584d98ff41720c7dadf344d5126d66e83d0ab5a",
                "sha256:29551ca63a1cbc0fcd17fa9e477282857e2c66c3a55fdb9754b75519d5adf89a",
                "sha256:9ed197a05f1c279d1589d8535040fe5e21b92fa19933e38de962050cb58f6c05",
                "sha256:d29e84d0b54c5fdeb6cc405d537788a648da975cc58e37f0df3a17cd11a67f1d",
                "sha256:db7a6117c3f944b4827204ed7f346030fc10c602521f278310a78021567df28f",
                "sha256:fd5bc46cfffac7afa2f76c3dc6cb6f567a0ad1276d8177797c1bc152aec50f35"
            ],
            "markers": "python_version < '3.12' and python_version >= '3.7'",
            "version": "==6.5.0"
        },
        "pyside6-essentials": {
            "hashes": [
                "sha256:0287ec94ee1923d430bb20836bc649a5c76a59281245de469d7f759cc73c5ea7",
                "sha256:4517e27fc540d9e645ea12dea82c8b29c042d66aaef46960a125cccdf0079800",
                "sha256:58a88a099171c55a7e41e519208c9ca93661d277bb73c5897a2e3f2cbe5248b7",
                "sha256:987c2ec04c35481c841de9b25931d2d074eb7d2e591aa5628041b2ca2df96d0e",
                "sha256:bc2e0a9dafe383ab965e98b6ddf73f709da3736197dea8eab265fd3e524db993",
                "sha256:f00d4f10758cdc3f49f94465ead788ad294dac7d9cc5e1cc0610e97c2bdfc8d7"
            ],
            "markers": "python_version < '3.12' and python_version >= '3.7'",
            "version": "==6.5.0"
        },
        "setuptools": {
            "hashes": [
                "sha256:23aaf86b85ca52ceb801d32703f12d77517b2556af839621c641fca11287952b",
                "sha256:f104fa03692a2602fa0fec6c6a9e63b6c8a968de13e17c026957dd1f53d80990"
            ],
            "markers": "python_version >= '3.7'",
            "version": "==67.7.2"
        },
        "shiboken6": {
            "hashes": [
                "sha256:1bba668221a5cf40186cea93ced018cf788d7476d50968a3f073ebbe41ce712d",
                "sha256:2d7fe6534a51ec9c96b82fc6275cf75e85ab29276a9778aed756465f81adf0c1",
                "sha256:46ff977f96c9d45dba3c3a313628356fd40e4423bb65bf2d9870b73396fad8be",
                "sha256:6e2874ea013d4cea7819935977bffa4c634ebcaabcb5287798df9f0c2f10c4c0",
                "sha256:72888ebc5ef7295df27197c0af726bd6731e2a883b346e448e2c740b3e34bc2f",
                "sha256:aee9708517821aaef547c83d689bf524d6f217d47232cb313d9af9e630215eed"
            ],
            "markers": "python_version < '3.12' and python_version >= '3.7'",
            "version": "==6.5.0"
        }
    },
    "develop": {}
}
